// !$*UTF8*$!
{
	archiveVersion = 1;
	classes = {
	};
	objectVersion = 50;
	objects = {

/* Begin PBXBuildFile section */
		560AED2825355D1C006F7CA1 /* AppDelegate.swift in Sources */ = {isa = PBXBuildFile; fileRef = 560AED2725355D1C006F7CA1 /* AppDelegate.swift */; };
		560AED2A25355D1C006F7CA1 /* SceneDelegate.swift in Sources */ = {isa = PBXBuildFile; fileRef = 560AED2925355D1C006F7CA1 /* SceneDelegate.swift */; };
		560AED2C25355D1C006F7CA1 /* ViewController.swift in Sources */ = {isa = PBXBuildFile; fileRef = 560AED2B25355D1C006F7CA1 /* ViewController.swift */; };
		560AED2F25355D1C006F7CA1 /* Main.storyboard in Resources */ = {isa = PBXBuildFile; fileRef = 560AED2D25355D1C006F7CA1 /* Main.storyboard */; };
		560AED3125355D22006F7CA1 /* Assets.xcassets in Resources */ = {isa = PBXBuildFile; fileRef = 560AED3025355D22006F7CA1 /* Assets.xcassets */; };
		560AED3425355D22006F7CA1 /* LaunchScreen.storyboard in Resources */ = {isa = PBXBuildFile; fileRef = 560AED3225355D22006F7CA1 /* LaunchScreen.storyboard */; };
		560AED3F25355D22006F7CA1 /* SDP_2021Tests.swift in Sources */ = {isa = PBXBuildFile; fileRef = 560AED3E25355D22006F7CA1 /* SDP_2021Tests.swift */; };
		560AED4A25355D22006F7CA1 /* SDP_2021UITests.swift in Sources */ = {isa = PBXBuildFile; fileRef = 560AED4925355D22006F7CA1 /* SDP_2021UITests.swift */; };
/* End PBXBuildFile section */

/* Begin PBXContainerItemProxy section */
		560AED3B25355D22006F7CA1 /* PBXContainerItemProxy */ = {
			isa = PBXContainerItemProxy;
			containerPortal = 560AED1C25355D1C006F7CA1 /* Project object */;
			proxyType = 1;
			remoteGlobalIDString = 560AED2325355D1C006F7CA1;
			remoteInfo = "SDP 2021";
		};
		560AED4625355D22006F7CA1 /* PBXContainerItemProxy */ = {
			isa = PBXContainerItemProxy;
			containerPortal = 560AED1C25355D1C006F7CA1 /* Project object */;
			proxyType = 1;
			remoteGlobalIDString = 560AED2325355D1C006F7CA1;
			remoteInfo = "SDP 2021";
		};
/* End PBXContainerItemProxy section */

/* Begin PBXFileReference section */
		560AED2425355D1C006F7CA1 /* SDP 2021.app */ = {isa = PBXFileReference; explicitFileType = wrapper.application; includeInIndex = 0; path = "SDP 2021.app"; sourceTree = BUILT_PRODUCTS_DIR; };
		560AED2725355D1C006F7CA1 /* AppDelegate.swift */ = {isa = PBXFileReference; lastKnownFileType = sourcecode.swift; path = AppDelegate.swift; sourceTree = "<group>"; };
		560AED2925355D1C006F7CA1 /* SceneDelegate.swift */ = {isa = PBXFileReference; lastKnownFileType = sourcecode.swift; path = SceneDelegate.swift; sourceTree = "<group>"; };
		560AED2B25355D1C006F7CA1 /* ViewController.swift */ = {isa = PBXFileReference; lastKnownFileType = sourcecode.swift; path = ViewController.swift; sourceTree = "<group>"; };
		560AED2E25355D1C006F7CA1 /* Base */ = {isa = PBXFileReference; lastKnownFileType = file.storyboard; name = Base; path = Base.lproj/Main.storyboard; sourceTree = "<group>"; };
		560AED3025355D22006F7CA1 /* Assets.xcassets */ = {isa = PBXFileReference; lastKnownFileType = folder.assetcatalog; path = Assets.xcassets; sourceTree = "<group>"; };
		560AED3325355D22006F7CA1 /* Base */ = {isa = PBXFileReference; lastKnownFileType = file.storyboard; name = Base; path = Base.lproj/LaunchScreen.storyboard; sourceTree = "<group>"; };
		560AED3525355D22006F7CA1 /* Info.plist */ = {isa = PBXFileReference; lastKnownFileType = text.plist.xml; path = Info.plist; sourceTree = "<group>"; };
		560AED3A25355D22006F7CA1 /* SDP 2021Tests.xctest */ = {isa = PBXFileReference; explicitFileType = wrapper.cfbundle; includeInIndex = 0; path = "SDP 2021Tests.xctest"; sourceTree = BUILT_PRODUCTS_DIR; };
		560AED3E25355D22006F7CA1 /* SDP_2021Tests.swift */ = {isa = PBXFileReference; lastKnownFileType = sourcecode.swift; path = SDP_2021Tests.swift; sourceTree = "<group>"; };
		560AED4025355D22006F7CA1 /* Info.plist */ = {isa = PBXFileReference; lastKnownFileType = text.plist.xml; path = Info.plist; sourceTree = "<group>"; };
		560AED4525355D22006F7CA1 /* SDP 2021UITests.xctest */ = {isa = PBXFileReference; explicitFileType = wrapper.cfbundle; includeInIndex = 0; path = "SDP 2021UITests.xctest"; sourceTree = BUILT_PRODUCTS_DIR; };
		560AED4925355D22006F7CA1 /* SDP_2021UITests.swift */ = {isa = PBXFileReference; lastKnownFileType = sourcecode.swift; path = SDP_2021UITests.swift; sourceTree = "<group>"; };
		560AED4B25355D22006F7CA1 /* Info.plist */ = {isa = PBXFileReference; lastKnownFileType = text.plist.xml; path = Info.plist; sourceTree = "<group>"; };
/* End PBXFileReference section */

/* Begin PBXFrameworksBuildPhase section */
		560AED2125355D1C006F7CA1 /* Frameworks */ = {
			isa = PBXFrameworksBuildPhase;
			buildActionMask = 2147483647;
			files = (
			);
			runOnlyForDeploymentPostprocessing = 0;
		};
		560AED3725355D22006F7CA1 /* Frameworks */ = {
			isa = PBXFrameworksBuildPhase;
			buildActionMask = 2147483647;
			files = (
			);
			runOnlyForDeploymentPostprocessing = 0;
		};
		560AED4225355D22006F7CA1 /* Frameworks */ = {
			isa = PBXFrameworksBuildPhase;
			buildActionMask = 2147483647;
			files = (
			);
			runOnlyForDeploymentPostprocessing = 0;
		};
/* End PBXFrameworksBuildPhase section */

/* Begin PBXGroup section */
		560AED1B25355D1C006F7CA1 = {
			isa = PBXGroup;
			children = (
				560AED2625355D1C006F7CA1 /* SDP 2021 */,
				560AED3D25355D22006F7CA1 /* SDP 2021Tests */,
				560AED4825355D22006F7CA1 /* SDP 2021UITests */,
				560AED2525355D1C006F7CA1 /* Products */,
			);
			sourceTree = "<group>";
		};
		560AED2525355D1C006F7CA1 /* Products */ = {
			isa = PBXGroup;
			children = (
				560AED2425355D1C006F7CA1 /* SDP 2021.app */,
				560AED3A25355D22006F7CA1 /* SDP 2021Tests.xctest */,
				560AED4525355D22006F7CA1 /* SDP 2021UITests.xctest */,
			);
			name = Products;
			sourceTree = "<group>";
		};
		560AED2625355D1C006F7CA1 /* SDP 2021 */ = {
			isa = PBXGroup;
			children = (
				560AED2725355D1C006F7CA1 /* AppDelegate.swift */,
				560AED2925355D1C006F7CA1 /* SceneDelegate.swift */,
				560AED2B25355D1C006F7CA1 /* ViewController.swift */,
				560AED2D25355D1C006F7CA1 /* Main.storyboard */,
				560AED3025355D22006F7CA1 /* Assets.xcassets */,
				560AED3225355D22006F7CA1 /* LaunchScreen.storyboard */,
				560AED3525355D22006F7CA1 /* Info.plist */,
			);
			path = "SDP 2021";
			sourceTree = "<group>";
		};
		560AED3D25355D22006F7CA1 /* SDP 2021Tests */ = {
			isa = PBXGroup;
			children = (
				560AED3E25355D22006F7CA1 /* SDP_2021Tests.swift */,
				560AED4025355D22006F7CA1 /* Info.plist */,
			);
			path = "SDP 2021Tests";
			sourceTree = "<group>";
		};
		560AED4825355D22006F7CA1 /* SDP 2021UITests */ = {
			isa = PBXGroup;
			children = (
				560AED4925355D22006F7CA1 /* SDP_2021UITests.swift */,
				560AED4B25355D22006F7CA1 /* Info.plist */,
			);
			path = "SDP 2021UITests";
			sourceTree = "<group>";
		};
/* End PBXGroup section */

/* Begin PBXNativeTarget section */
		560AED2325355D1C006F7CA1 /* SDP 2021 */ = {
			isa = PBXNativeTarget;
			buildConfigurationList = 560AED4E25355D22006F7CA1 /* Build configuration list for PBXNativeTarget "SDP 2021" */;
			buildPhases = (
				560AED2025355D1C006F7CA1 /* Sources */,
				560AED2125355D1C006F7CA1 /* Frameworks */,
				560AED2225355D1C006F7CA1 /* Resources */,
			);
			buildRules = (
			);
			dependencies = (
			);
			name = "SDP 2021";
			productName = "SDP 2021";
			productReference = 560AED2425355D1C006F7CA1 /* SDP 2021.app */;
			productType = "com.apple.product-type.application";
		};
		560AED3925355D22006F7CA1 /* SDP 2021Tests */ = {
			isa = PBXNativeTarget;
			buildConfigurationList = 560AED5125355D22006F7CA1 /* Build configuration list for PBXNativeTarget "SDP 2021Tests" */;
			buildPhases = (
				560AED3625355D22006F7CA1 /* Sources */,
				560AED3725355D22006F7CA1 /* Frameworks */,
				560AED3825355D22006F7CA1 /* Resources */,
			);
			buildRules = (
			);
			dependencies = (
				560AED3C25355D22006F7CA1 /* PBXTargetDependency */,
			);
			name = "SDP 2021Tests";
			productName = "SDP 2021Tests";
			productReference = 560AED3A25355D22006F7CA1 /* SDP 2021Tests.xctest */;
			productType = "com.apple.product-type.bundle.unit-test";
		};
		560AED4425355D22006F7CA1 /* SDP 2021UITests */ = {
			isa = PBXNativeTarget;
			buildConfigurationList = 560AED5425355D22006F7CA1 /* Build configuration list for PBXNativeTarget "SDP 2021UITests" */;
			buildPhases = (
				560AED4125355D22006F7CA1 /* Sources */,
				560AED4225355D22006F7CA1 /* Frameworks */,
				560AED4325355D22006F7CA1 /* Resources */,
			);
			buildRules = (
			);
			dependencies = (
				560AED4725355D22006F7CA1 /* PBXTargetDependency */,
			);
			name = "SDP 2021UITests";
			productName = "SDP 2021UITests";
			productReference = 560AED4525355D22006F7CA1 /* SDP 2021UITests.xctest */;
			productType = "com.apple.product-type.bundle.ui-testing";
		};
/* End PBXNativeTarget section */

/* Begin PBXProject section */
		560AED1C25355D1C006F7CA1 /* Project object */ = {
			isa = PBXProject;
			attributes = {
				LastSwiftUpdateCheck = 1200;
				LastUpgradeCheck = 1200;
				TargetAttributes = {
					560AED2325355D1C006F7CA1 = {
						CreatedOnToolsVersion = 12.0.1;
					};
					560AED3925355D22006F7CA1 = {
						CreatedOnToolsVersion = 12.0.1;
						TestTargetID = 560AED2325355D1C006F7CA1;
					};
					560AED4425355D22006F7CA1 = {
						CreatedOnToolsVersion = 12.0.1;
						TestTargetID = 560AED2325355D1C006F7CA1;
					};
				};
			};
			buildConfigurationList = 560AED1F25355D1C006F7CA1 /* Build configuration list for PBXProject "SDP 2021" */;
			compatibilityVersion = "Xcode 9.3";
			developmentRegion = en;
			hasScannedForEncodings = 0;
			knownRegions = (
				en,
				Base,
			);
			mainGroup = 560AED1B25355D1C006F7CA1;
			productRefGroup = 560AED2525355D1C006F7CA1 /* Products */;
			projectDirPath = "";
			projectRoot = "";
			targets = (
				560AED2325355D1C006F7CA1 /* SDP 2021 */,
				560AED3925355D22006F7CA1 /* SDP 2021Tests */,
				560AED4425355D22006F7CA1 /* SDP 2021UITests */,
			);
		};
/* End PBXProject section */

/* Begin PBXResourcesBuildPhase section */
		560AED2225355D1C006F7CA1 /* Resources */ = {
			isa = PBXResourcesBuildPhase;
			buildActionMask = 2147483647;
			files = (
				560AED3425355D22006F7CA1 /* LaunchScreen.storyboard in Resources */,
				560AED3125355D22006F7CA1 /* Assets.xcassets in Resources */,
				560AED2F25355D1C006F7CA1 /* Main.storyboard in Resources */,
			);
			runOnlyForDeploymentPostprocessing = 0;
		};
		560AED3825355D22006F7CA1 /* Resources */ = {
			isa = PBXResourcesBuildPhase;
			buildActionMask = 2147483647;
			files = (
			);
			runOnlyForDeploymentPostprocessing = 0;
		};
		560AED4325355D22006F7CA1 /* Resources */ = {
			isa = PBXResourcesBuildPhase;
			buildActionMask = 2147483647;
			files = (
			);
			runOnlyForDeploymentPostprocessing = 0;
		};
/* End PBXResourcesBuildPhase section */

/* Begin PBXSourcesBuildPhase section */
		560AED2025355D1C006F7CA1 /* Sources */ = {
			isa = PBXSourcesBuildPhase;
			buildActionMask = 2147483647;
			files = (
				560AED2C25355D1C006F7CA1 /* ViewController.swift in Sources */,
				560AED2825355D1C006F7CA1 /* AppDelegate.swift in Sources */,
				560AED2A25355D1C006F7CA1 /* SceneDelegate.swift in Sources */,
			);
			runOnlyForDeploymentPostprocessing = 0;
		};
		560AED3625355D22006F7CA1 /* Sources */ = {
			isa = PBXSourcesBuildPhase;
			buildActionMask = 2147483647;
			files = (
				560AED3F25355D22006F7CA1 /* SDP_2021Tests.swift in Sources */,
			);
			runOnlyForDeploymentPostprocessing = 0;
		};
		560AED4125355D22006F7CA1 /* Sources */ = {
			isa = PBXSourcesBuildPhase;
			buildActionMask = 2147483647;
			files = (
				560AED4A25355D22006F7CA1 /* SDP_2021UITests.swift in Sources */,
			);
			runOnlyForDeploymentPostprocessing = 0;
		};
/* End PBXSourcesBuildPhase section */

/* Begin PBXTargetDependency section */
		560AED3C25355D22006F7CA1 /* PBXTargetDependency */ = {
			isa = PBXTargetDependency;
			target = 560AED2325355D1C006F7CA1 /* SDP 2021 */;
			targetProxy = 560AED3B25355D22006F7CA1 /* PBXContainerItemProxy */;
		};
		560AED4725355D22006F7CA1 /* PBXTargetDependency */ = {
			isa = PBXTargetDependency;
			target = 560AED2325355D1C006F7CA1 /* SDP 2021 */;
			targetProxy = 560AED4625355D22006F7CA1 /* PBXContainerItemProxy */;
		};
/* End PBXTargetDependency section */

/* Begin PBXVariantGroup section */
		560AED2D25355D1C006F7CA1 /* Main.storyboard */ = {
			isa = PBXVariantGroup;
			children = (
				560AED2E25355D1C006F7CA1 /* Base */,
			);
			name = Main.storyboard;
			sourceTree = "<group>";
		};
		560AED3225355D22006F7CA1 /* LaunchScreen.storyboard */ = {
			isa = PBXVariantGroup;
			children = (
				560AED3325355D22006F7CA1 /* Base */,
			);
			name = LaunchScreen.storyboard;
			sourceTree = "<group>";
		};
/* End PBXVariantGroup section */

/* Begin XCBuildConfiguration section */
		560AED4C25355D22006F7CA1 /* Debug */ = {
			isa = XCBuildConfiguration;
			buildSettings = {
				ALWAYS_SEARCH_USER_PATHS = NO;
				CLANG_ANALYZER_NONNULL = YES;
				CLANG_ANALYZER_NUMBER_OBJECT_CONVERSION = YES_AGGRESSIVE;
				CLANG_CXX_LANGUAGE_STANDARD = "gnu++14";
				CLANG_CXX_LIBRARY = "libc++";
				CLANG_ENABLE_MODULES = YES;
				CLANG_ENABLE_OBJC_ARC = YES;
				CLANG_ENABLE_OBJC_WEAK = YES;
				CLANG_WARN_BLOCK_CAPTURE_AUTORELEASING = YES;
				CLANG_WARN_BOOL_CONVERSION = YES;
				CLANG_WARN_COMMA = YES;
				CLANG_WARN_CONSTANT_CONVERSION = YES;
				CLANG_WARN_DEPRECATED_OBJC_IMPLEMENTATIONS = YES;
				CLANG_WARN_DIRECT_OBJC_ISA_USAGE = YES_ERROR;
				CLANG_WARN_DOCUMENTATION_COMMENTS = YES;
				CLANG_WARN_EMPTY_BODY = YES;
				CLANG_WARN_ENUM_CONVERSION = YES;
				CLANG_WARN_INFINITE_RECURSION = YES;
				CLANG_WARN_INT_CONVERSION = YES;
				CLANG_WARN_NON_LITERAL_NULL_CONVERSION = YES;
				CLANG_WARN_OBJC_IMPLICIT_RETAIN_SELF = YES;
				CLANG_WARN_OBJC_LITERAL_CONVERSION = YES;
				CLANG_WARN_OBJC_ROOT_CLASS = YES_ERROR;
				CLANG_WARN_QUOTED_INCLUDE_IN_FRAMEWORK_HEADER = YES;
				CLANG_WARN_RANGE_LOOP_ANALYSIS = YES;
				CLANG_WARN_STRICT_PROTOTYPES = YES;
				CLANG_WARN_SUSPICIOUS_MOVE = YES;
				CLANG_WARN_UNGUARDED_AVAILABILITY = YES_AGGRESSIVE;
				CLANG_WARN_UNREACHABLE_CODE = YES;
				CLANG_WARN__DUPLICATE_METHOD_MATCH = YES;
				COPY_PHASE_STRIP = NO;
				DEBUG_INFORMATION_FORMAT = dwarf;
				ENABLE_STRICT_OBJC_MSGSEND = YES;
				ENABLE_TESTABILITY = YES;
				GCC_C_LANGUAGE_STANDARD = gnu11;
				GCC_DYNAMIC_NO_PIC = NO;
				GCC_NO_COMMON_BLOCKS = YES;
				GCC_OPTIMIZATION_LEVEL = 0;
				GCC_PREPROCESSOR_DEFINITIONS = (
					"DEBUG=1",
					"$(inherited)",
				);
				GCC_WARN_64_TO_32_BIT_CONVERSION = YES;
				GCC_WARN_ABOUT_RETURN_TYPE = YES_ERROR;
				GCC_WARN_UNDECLARED_SELECTOR = YES;
				GCC_WARN_UNINITIALIZED_AUTOS = YES_AGGRESSIVE;
				GCC_WARN_UNUSED_FUNCTION = YES;
				GCC_WARN_UNUSED_VARIABLE = YES;
				IPHONEOS_DEPLOYMENT_TARGET = 14.0;
				MTL_ENABLE_DEBUG_INFO = INCLUDE_SOURCE;
				MTL_FAST_MATH = YES;
				ONLY_ACTIVE_ARCH = YES;
				SDKROOT = iphoneos;
				SWIFT_ACTIVE_COMPILATION_CONDITIONS = DEBUG;
				SWIFT_OPTIMIZATION_LEVEL = "-Onone";
			};
			name = Debug;
		};
		560AED4D25355D22006F7CA1 /* Release */ = {
			isa = XCBuildConfiguration;
			buildSettings = {
				ALWAYS_SEARCH_USER_PATHS = NO;
				CLANG_ANALYZER_NONNULL = YES;
				CLANG_ANALYZER_NUMBER_OBJECT_CONVERSION = YES_AGGRESSIVE;
				CLANG_CXX_LANGUAGE_STANDARD = "gnu++14";
				CLANG_CXX_LIBRARY = "libc++";
				CLANG_ENABLE_MODULES = YES;
				CLANG_ENABLE_OBJC_ARC = YES;
				CLANG_ENABLE_OBJC_WEAK = YES;
				CLANG_WARN_BLOCK_CAPTURE_AUTORELEASING = YES;
				CLANG_WARN_BOOL_CONVERSION = YES;
				CLANG_WARN_COMMA = YES;
				CLANG_WARN_CONSTANT_CONVERSION = YES;
				CLANG_WARN_DEPRECATED_OBJC_IMPLEMENTATIONS = YES;
				CLANG_WARN_DIRECT_OBJC_ISA_USAGE = YES_ERROR;
				CLANG_WARN_DOCUMENTATION_COMMENTS = YES;
				CLANG_WARN_EMPTY_BODY = YES;
				CLANG_WARN_ENUM_CONVERSION = YES;
				CLANG_WARN_INFINITE_RECURSION = YES;
				CLANG_WARN_INT_CONVERSION = YES;
				CLANG_WARN_NON_LITERAL_NULL_CONVERSION = YES;
				CLANG_WARN_OBJC_IMPLICIT_RETAIN_SELF = YES;
				CLANG_WARN_OBJC_LITERAL_CONVERSION = YES;
				CLANG_WARN_OBJC_ROOT_CLASS = YES_ERROR;
				CLANG_WARN_QUOTED_INCLUDE_IN_FRAMEWORK_HEADER = YES;
				CLANG_WARN_RANGE_LOOP_ANALYSIS = YES;
				CLANG_WARN_STRICT_PROTOTYPES = YES;
				CLANG_WARN_SUSPICIOUS_MOVE = YES;
				CLANG_WARN_UNGUARDED_AVAILABILITY = YES_AGGRESSIVE;
				CLANG_WARN_UNREACHABLE_CODE = YES;
				CLANG_WARN__DUPLICATE_METHOD_MATCH = YES;
				COPY_PHASE_STRIP = NO;
				DEBUG_INFORMATION_FORMAT = "dwarf-with-dsym";
				ENABLE_NS_ASSERTIONS = NO;
				ENABLE_STRICT_OBJC_MSGSEND = YES;
				GCC_C_LANGUAGE_STANDARD = gnu11;
				GCC_NO_COMMON_BLOCKS = YES;
				GCC_WARN_64_TO_32_BIT_CONVERSION = YES;
				GCC_WARN_ABOUT_RETURN_TYPE = YES_ERROR;
				GCC_WARN_UNDECLARED_SELECTOR = YES;
				GCC_WARN_UNINITIALIZED_AUTOS = YES_AGGRESSIVE;
				GCC_WARN_UNUSED_FUNCTION = YES;
				GCC_WARN_UNUSED_VARIABLE = YES;
				IPHONEOS_DEPLOYMENT_TARGET = 14.0;
				MTL_ENABLE_DEBUG_INFO = NO;
				MTL_FAST_MATH = YES;
				SDKROOT = iphoneos;
				SWIFT_COMPILATION_MODE = wholemodule;
				SWIFT_OPTIMIZATION_LEVEL = "-O";
				VALIDATE_PRODUCT = YES;
			};
			name = Release;
		};
		560AED4F25355D22006F7CA1 /* Debug */ = {
			isa = XCBuildConfiguration;
			buildSettings = {
				ASSETCATALOG_COMPILER_APPICON_NAME = AppIcon;
				ASSETCATALOG_COMPILER_GLOBAL_ACCENT_COLOR_NAME = AccentColor;
				CODE_SIGN_STYLE = Automatic;
				DEVELOPMENT_TEAM = U3V9LDJ958;
				INFOPLIST_FILE = "SDP 2021/Info.plist";
				LD_RUNPATH_SEARCH_PATHS = (
					"$(inherited)",
					"@executable_path/Frameworks",
				);
				PRODUCT_BUNDLE_IDENTIFIER = "com-RushivArora.SDP-2021";
				PRODUCT_NAME = "$(TARGET_NAME)";
				SWIFT_VERSION = 5.0;
				TARGETED_DEVICE_FAMILY = "1,2";
			};
			name = Debug;
		};
		560AED5025355D22006F7CA1 /* Release */ = {
			isa = XCBuildConfiguration;
			buildSettings = {
				ASSETCATALOG_COMPILER_APPICON_NAME = AppIcon;
				ASSETCATALOG_COMPILER_GLOBAL_ACCENT_COLOR_NAME = AccentColor;
				CODE_SIGN_STYLE = Automatic;
				DEVELOPMENT_TEAM = U3V9LDJ958;
				INFOPLIST_FILE = "SDP 2021/Info.plist";
				LD_RUNPATH_SEARCH_PATHS = (
					"$(inherited)",
					"@executable_path/Frameworks",
				);
				PRODUCT_BUNDLE_IDENTIFIER = "com-RushivArora.SDP-2021";
				PRODUCT_NAME = "$(TARGET_NAME)";
				SWIFT_VERSION = 5.0;
				TARGETED_DEVICE_FAMILY = "1,2";
			};
			name = Release;
		};
		560AED5225355D22006F7CA1 /* Debug */ = {
			isa = XCBuildConfiguration;
			buildSettings = {
				ALWAYS_EMBED_SWIFT_STANDARD_LIBRARIES = YES;
				BUNDLE_LOADER = "$(TEST_HOST)";
				CODE_SIGN_STYLE = Automatic;
				DEVELOPMENT_TEAM = U3V9LDJ958;
				INFOPLIST_FILE = "SDP 2021Tests/Info.plist";
				IPHONEOS_DEPLOYMENT_TARGET = 14.0;
				LD_RUNPATH_SEARCH_PATHS = (
					"$(inherited)",
					"@executable_path/Frameworks",
					"@loader_path/Frameworks",
				);
				PRODUCT_BUNDLE_IDENTIFIER = "com-RushivArora.SDP-2021Tests";
				PRODUCT_NAME = "$(TARGET_NAME)";
				SWIFT_VERSION = 5.0;
				TARGETED_DEVICE_FAMILY = "1,2";
				TEST_HOST = "$(BUILT_PRODUCTS_DIR)/SDP 2021.app/SDP 2021";
			};
			name = Debug;
		};
		560AED5325355D22006F7CA1 /* Release */ = {
			isa = XCBuildConfiguration;
			buildSettings = {
				ALWAYS_EMBED_SWIFT_STANDARD_LIBRARIES = YES;
				BUNDLE_LOADER = "$(TEST_HOST)";
				CODE_SIGN_STYLE = Automatic;
				DEVELOPMENT_TEAM = U3V9LDJ958;
				INFOPLIST_FILE = "SDP 2021Tests/Info.plist";
				IPHONEOS_DEPLOYMENT_TARGET = 14.0;
				LD_RUNPATH_SEARCH_PATHS = (
					"$(inherited)",
					"@executable_path/Frameworks",
					"@loader_path/Frameworks",
				);
				PRODUCT_BUNDLE_IDENTIFIER = "com-RushivArora.SDP-2021Tests";
				PRODUCT_NAME = "$(TARGET_NAME)";
				SWIFT_VERSION = 5.0;
				TARGETED_DEVICE_FAMILY = "1,2";
				TEST_HOST = "$(BUILT_PRODUCTS_DIR)/SDP 2021.app/SDP 2021";
			};
			name = Release;
		};
		560AED5525355D22006F7CA1 /* Debug */ = {
			isa = XCBuildConfiguration;
			buildSettings = {
				ALWAYS_EMBED_SWIFT_STANDARD_LIBRARIES = YES;
				CODE_SIGN_STYLE = Automatic;
				DEVELOPMENT_TEAM = U3V9LDJ958;
				INFOPLIST_FILE = "SDP 2021UITests/Info.plist";
				LD_RUNPATH_SEARCH_PATHS = (
					"$(inherited)",
					"@executable_path/Frameworks",
					"@loader_path/Frameworks",
				);
				PRODUCT_BUNDLE_IDENTIFIER = "com-RushivArora.SDP-2021UITests";
				PRODUCT_NAME = "$(TARGET_NAME)";
				SWIFT_VERSION = 5.0;
				TARGETED_DEVICE_FAMILY = "1,2";
				TEST_TARGET_NAME = "SDP 2021";
			};
			name = Debug;
		};
		560AED5625355D22006F7CA1 /* Release */ = {
			isa = XCBuildConfiguration;
			buildSettings = {
				ALWAYS_EMBED_SWIFT_STANDARD_LIBRARIES = YES;
				CODE_SIGN_STYLE = Automatic;
				DEVELOPMENT_TEAM = U3V9LDJ958;
				INFOPLIST_FILE = "SDP 2021UITests/Info.plist";
				LD_RUNPATH_SEARCH_PATHS = (
					"$(inherited)",
					"@executable_path/Frameworks",
					"@loader_path/Frameworks",
				);
				PRODUCT_BUNDLE_IDENTIFIER = "com-RushivArora.SDP-2021UITests";
				PRODUCT_NAME = "$(TARGET_NAME)";
				SWIFT_VERSION = 5.0;
				TARGETED_DEVICE_FAMILY = "1,2";
				TEST_TARGET_NAME = "SDP 2021";
			};
			name = Release;
		};
/* End XCBuildConfiguration section */

/* Begin XCConfigurationList section */
		560AED1F25355D1C006F7CA1 /* Build configuration list for PBXProject "SDP 2021" */ = {
			isa = XCConfigurationList;
			buildConfigurations = (
				560AED4C25355D22006F7CA1 /* Debug */,
				560AED4D25355D22006F7CA1 /* Release */,
			);
			defaultConfigurationIsVisible = 0;
			defaultConfigurationName = Release;
		};
		560AED4E25355D22006F7CA1 /* Build configuration list for PBXNativeTarget "SDP 2021" */ = {
			isa = XCConfigurationList;
			buildConfigurations = (
				560AED4F25355D22006F7CA1 /* Debug */,
				560AED5025355D22006F7CA1 /* Release */,
			);
			defaultConfigurationIsVisible = 0;
			defaultConfigurationName = Release;
		};
		560AED5125355D22006F7CA1 /* Build configuration list for PBXNativeTarget "SDP 2021Tests" */ = {
			isa = XCConfigurationList;
			buildConfigurations = (
				560AED5225355D22006F7CA1 /* Debug */,
				560AED5325355D22006F7CA1 /* Release */,
			);
			defaultConfigurationIsVisible = 0;
			defaultConfigurationName = Release;
		};
		560AED5425355D22006F7CA1 /* Build configuration list for PBXNativeTarget "SDP 2021UITests" */ = {
			isa = XCConfigurationList;
			buildConfigurations = (
				560AED5525355D22006F7CA1 /* Debug */,
				560AED5625355D22006F7CA1 /* Release */,
			);
			defaultConfigurationIsVisible = 0;
			defaultConfigurationName = Release;
		};
/* End XCConfigurationList section */
	};
	rootObject = 560AED1C25355D1C006F7CA1 /* Project object */;
}
